PODS:
  - Alamofire (4.9.1)
  - ProgressHUD (13.6)
  - SDWebImage (5.12.5):
    - SDWebImage/Core (= 5.12.5)
  - SDWebImage/Core (5.12.5)
  - SwiftyJSON (5.0.1)

DEPENDENCIES:
  - Alamofire (~> 4.7)
  - ProgressHUD (~> 13.4)
  - SDWebImage (~> 5.0)
  - SwiftyJSON

SPEC REPOS:
  trunk:
    - Alamofire
    - ProgressHUD
    - SDWebImage
    - SwiftyJSON

SPEC CHECKSUMS:
  Alamofire: 85e8a02c69d6020a0d734f6054870d7ecb75cf18
  ProgressHUD: 4bdaa0d2ddf676b23324b199f9facffb5c3a1620
  SDWebImage: 0905f1b7760fc8ac4198cae0036600d67478751e
  SwiftyJSON: 2f33a42c6fbc52764d96f13368585094bfd8aa5e

PODFILE CHECKSUM: fbbb5e23da0b80c262f83556bf756a79a04117eb

COCOAPODS: 1.11.2
